
Microsoft Visual Studio Solution File, Format Version 12.00
# Visual Studio Version 17
VisualStudioVersion = 17.6.33723.286
MinimumVisualStudioVersion = 10.0.40219.1
Project("{FAE04EC0-301F-11D3-BF4B-00C04F79EFBC}") = "PDIProject", "PDIProject.csproj", "{EC284456-6212-47DF-BA48-29E70EFB59F8}"
EndProject
Global
	GlobalSection(SolutionConfigurationPlatforms) = preSolution
		Debug|Any CPU = Debug|Any CPU
		Release|Any CPU = Release|Any CPU
	EndGlobalSection
	GlobalSection(ProjectConfigurationPlatforms) = postSolution
		{EC284456-6212-47DF-BA48-29E70EFB59F8}.Debug|Any CPU.ActiveCfg = Debug|Any CPU
		{EC284456-6212-47DF-BA48-29E70EFB59F8}.Debug|Any CPU.Build.0 = Debug|Any CPU
		{EC284456-6212-47DF-BA48-29E70EFB59F8}.Release|Any CPU.ActiveCfg = Release|Any CPU
		{EC284456-6212-47DF-BA48-29E70EFB59F8}.Release|Any CPU.Build.0 = Release|Any CPU
	EndGlobalSection
	GlobalSection(SolutionProperties) = preSolution
		HideSolutionNode = FALSE
	EndGlobalSection
	GlobalSection(ExtensibilityGlobals) = postSolution
		SolutionGuid = {B943E80E-9330-47E8-8F37-FECB19A4E78D}
	EndGlobalSection
EndGlobal
